
Microsoft Visual Studio Solution File, Format Version 12.00
# Visual Studio 14
VisualStudioVersion = 14.0.24720.0
MinimumVisualStudioVersion = 10.0.40219.1
Project("{FAE04EC0-301F-11D3-BF4B-00C04F79EFBC}") = "Exhys.WebContestHost", "Exhys.WebContestHost\Exhys.WebContestHost.csproj", "{789FCFAE-F59B-4171-85A6-35628C887B26}"
EndProject
Project("{FAE04EC0-301F-11D3-BF4B-00C04F79EFBC}") = "CodeBits", "CodeBits\CodeBits.csproj", "{A8B8CCED-9569-4329-8BC6-E46F69364331}"
EndProject
Project("{FAE04EC0-301F-11D3-BF4B-00C04F79EFBC}") = "Exhys.WebContestHost.DataModels", "Exhys.WebContestHost.DataModels\Exhys.WebContestHost.DataModels.csproj", "{7A72BA22-4C12-4979-BDB7-728E636D45D5}"
EndProject
Project("{FAE04EC0-301F-11D3-BF4B-00C04F79EFBC}") = "Exhys.SubmissionRouter.Service", "Exhys.SubmissionRouter.Service\Exhys.SubmissionRouter.Service.csproj", "{49C07B5C-A484-4617-A1F2-92B14EEF0603}"
EndProject
Project("{FAE04EC0-301F-11D3-BF4B-00C04F79EFBC}") = "Exhys.SubmissionRouter.Service.Tests", "Exhys.SubmissionRouter.Service.Test\Exhys.SubmissionRouter.Service.Tests.csproj", "{3B871164-D0EB-4E31-9A04-BCB9E372DC50}"
EndProject
Project("{FAE04EC0-301F-11D3-BF4B-00C04F79EFBC}") = "Exhys.SubmissionRouter.Dtos", "Exhys.SubmissionRouter.Dtos\Exhys.SubmissionRouter.Dtos.csproj", "{7ED4B3A4-B17B-4AE1-9B88-AE808343FC37}"
EndProject
Project("{FAE04EC0-301F-11D3-BF4B-00C04F79EFBC}") = "Exhys.ExecutionCore", "Exhys.ExecutionCore\Exhys.ExecutionCore.csproj", "{7241FBCF-2387-485F-B4B2-8541DE3A48BD}"
EndProject
Project("{FAE04EC0-301F-11D3-BF4B-00C04F79EFBC}") = "Exhys.ExecutionCore.Contracts", "Exhys.ExecutionCore.Contracts\Exhys.ExecutionCore.Contracts.csproj", "{7EFA5797-224B-4A1A-B7B4-5297B1071AC1}"
EndProject
Project("{FAE04EC0-301F-11D3-BF4B-00C04F79EFBC}") = "Exhys.WebContestHost.Communication", "Exhys.WebContestHost.Communication\Exhys.WebContestHost.Communication.csproj", "{467E611E-9A27-40ED-96EE-499C0FDC347F}"
EndProject
Project("{FAE04EC0-301F-11D3-BF4B-00C04F79EFBC}") = "Exhys.ExecutionWorker.Communication", "Exhys.ExecutionWorker.Communication\Exhys.ExecutionWorker.Communication.csproj", "{EFA48AE3-CD34-4D34-A128-1FA62D78756B}"
EndProject
Project("{2150E333-8FDC-42A3-9474-1A3956D46DE8}") = "Exhys.ExecutionCore.Compilers", "Exhys.ExecutionCore.Compilers", "{381F40F7-FB0F-4D09-A646-36522B04B073}"
EndProject
Project("{FAE04EC0-301F-11D3-BF4B-00C04F79EFBC}") = "MiniGWCpp11", "MiniGWCpp11\MiniGWCpp11.csproj", "{0CCF4541-2838-4277-8850-989E5E269CCD}"
EndProject
Project("{FAE04EC0-301F-11D3-BF4B-00C04F79EFBC}") = "MiniGWCpp11.Tests", "MiniGWCpp11.Tests\MiniGWCpp11.Tests.csproj", "{A22E3F81-A7BC-4365-8F4E-2C18673D62AE}"
EndProject
Project("{FAE04EC0-301F-11D3-BF4B-00C04F79EFBC}") = "Exhys.ExecutionCore.Tests", "Exhys.ExecutionCore.Tests\Exhys.ExecutionCore.Tests.csproj", "{D7AB6D44-41F1-41ED-8DC8-610CDC3FDAE0}"
EndProject
Project("{FAE04EC0-301F-11D3-BF4B-00C04F79EFBC}") = "Exhys.WebContestHost.Communication.Test", "Exhys.WebContestHost.Communication.Test\Exhys.WebContestHost.Communication.Test.csproj", "{B9B283C6-AC5D-41B3-8B2F-93343604023B}"
EndProject
Project("{FAE04EC0-301F-11D3-BF4B-00C04F79EFBC}") = "WcfTestClient", "WcfTestClient\WcfTestClient.csproj", "{1D312CE6-F948-4CD1-9748-1F3413D90374}"
	ProjectSection(ProjectDependencies) = postProject
		{49C07B5C-A484-4617-A1F2-92B14EEF0603} = {49C07B5C-A484-4617-A1F2-92B14EEF0603}
	EndProjectSection
EndProject
Project("{FAE04EC0-301F-11D3-BF4B-00C04F79EFBC}") = "CscCSharp", "CscCSharp\CscCSharp.csproj", "{77CC5ADC-118D-46BE-9751-6AA1302A6E4D}"
EndProject
Project("{FAE04EC0-301F-11D3-BF4B-00C04F79EFBC}") = "CscCSharp.Tests", "CscCSharp.Tests\CscCSharp.Tests.csproj", "{A6A8855B-1787-438D-BA48-7FCA74B02092}"
EndProject
Project("{FAE04EC0-301F-11D3-BF4B-00C04F79EFBC}") = "MiniGWC99", "MiniGWC99\MiniGWC99.csproj", "{F07E0128-B778-4D37-82EB-5D018CCAC090}"
EndProject
Project("{FAE04EC0-301F-11D3-BF4B-00C04F79EFBC}") = "MiniGWC99.Tests", "MiniGWC99.Tests\MiniGWC99.Tests.csproj", "{51922595-C603-4CA9-AB98-35D17AE0214E}"
EndProject
Project("{FAE04EC0-301F-11D3-BF4B-00C04F79EFBC}") = "Exhys.WebContestHost.Communication.ParallelRunningTest", "Exhys.WebContestHost.Communication.ParallelRunningTest\Exhys.WebContestHost.Communication.ParallelRunningTest.csproj", "{7119FA20-308E-4630-8437-245999AB1BAB}"
EndProject
Global
	GlobalSection(SolutionConfigurationPlatforms) = preSolution
		Debug|Any CPU = Debug|Any CPU
		Debug|ARM = Debug|ARM
		Debug|x64 = Debug|x64
		Debug|x86 = Debug|x86
		Release|Any CPU = Release|Any CPU
		Release|ARM = Release|ARM
		Release|x64 = Release|x64
		Release|x86 = Release|x86
	EndGlobalSection
	GlobalSection(ProjectConfigurationPlatforms) = postSolution
		{789FCFAE-F59B-4171-85A6-35628C887B26}.Debug|Any CPU.ActiveCfg = Debug|Any CPU
		{789FCFAE-F59B-4171-85A6-35628C887B26}.Debug|Any CPU.Build.0 = Debug|Any CPU
		{789FCFAE-F59B-4171-85A6-35628C887B26}.Debug|ARM.ActiveCfg = Debug|Any CPU
		{789FCFAE-F59B-4171-85A6-35628C887B26}.Debug|ARM.Build.0 = Debug|Any CPU
		{789FCFAE-F59B-4171-85A6-35628C887B26}.Debug|x64.ActiveCfg = Debug|x64
		{789FCFAE-F59B-4171-85A6-35628C887B26}.Debug|x64.Build.0 = Debug|x64
		{789FCFAE-F59B-4171-85A6-35628C887B26}.Debug|x86.ActiveCfg = Debug|Any CPU
		{789FCFAE-F59B-4171-85A6-35628C887B26}.Debug|x86.Build.0 = Debug|Any CPU
		{789FCFAE-F59B-4171-85A6-35628C887B26}.Release|Any CPU.ActiveCfg = Release|Any CPU
		{789FCFAE-F59B-4171-85A6-35628C887B26}.Release|Any CPU.Build.0 = Release|Any CPU
		{789FCFAE-F59B-4171-85A6-35628C887B26}.Release|Any CPU.Deploy.0 = Release|Any CPU
		{789FCFAE-F59B-4171-85A6-35628C887B26}.Release|ARM.ActiveCfg = Release|Any CPU
		{789FCFAE-F59B-4171-85A6-35628C887B26}.Release|ARM.Build.0 = Release|Any CPU
		{789FCFAE-F59B-4171-85A6-35628C887B26}.Release|x64.ActiveCfg = Release|x64
		{789FCFAE-F59B-4171-85A6-35628C887B26}.Release|x64.Build.0 = Release|x64
		{789FCFAE-F59B-4171-85A6-35628C887B26}.Release|x86.ActiveCfg = Release|Any CPU
		{789FCFAE-F59B-4171-85A6-35628C887B26}.Release|x86.Build.0 = Release|Any CPU
		{A8B8CCED-9569-4329-8BC6-E46F69364331}.Debug|Any CPU.ActiveCfg = Debug|Any CPU
		{A8B8CCED-9569-4329-8BC6-E46F69364331}.Debug|Any CPU.Build.0 = Debug|Any CPU
		{A8B8CCED-9569-4329-8BC6-E46F69364331}.Debug|ARM.ActiveCfg = Debug|Any CPU
		{A8B8CCED-9569-4329-8BC6-E46F69364331}.Debug|ARM.Build.0 = Debug|Any CPU
		{A8B8CCED-9569-4329-8BC6-E46F69364331}.Debug|x64.ActiveCfg = Debug|x64
		{A8B8CCED-9569-4329-8BC6-E46F69364331}.Debug|x64.Build.0 = Debug|x64
		{A8B8CCED-9569-4329-8BC6-E46F69364331}.Debug|x86.ActiveCfg = Debug|Any CPU
		{A8B8CCED-9569-4329-8BC6-E46F69364331}.Debug|x86.Build.0 = Debug|Any CPU
		{A8B8CCED-9569-4329-8BC6-E46F69364331}.Release|Any CPU.ActiveCfg = Release|Any CPU
		{A8B8CCED-9569-4329-8BC6-E46F69364331}.Release|Any CPU.Build.0 = Release|Any CPU
		{A8B8CCED-9569-4329-8BC6-E46F69364331}.Release|ARM.ActiveCfg = Release|Any CPU
		{A8B8CCED-9569-4329-8BC6-E46F69364331}.Release|ARM.Build.0 = Release|Any CPU
		{A8B8CCED-9569-4329-8BC6-E46F69364331}.Release|x64.ActiveCfg = Release|x64
		{A8B8CCED-9569-4329-8BC6-E46F69364331}.Release|x64.Build.0 = Release|x64
		{A8B8CCED-9569-4329-8BC6-E46F69364331}.Release|x86.ActiveCfg = Release|Any CPU
		{A8B8CCED-9569-4329-8BC6-E46F69364331}.Release|x86.Build.0 = Release|Any CPU
		{7A72BA22-4C12-4979-BDB7-728E636D45D5}.Debug|Any CPU.ActiveCfg = Debug|Any CPU
		{7A72BA22-4C12-4979-BDB7-728E636D45D5}.Debug|Any CPU.Build.0 = Debug|Any CPU
		{7A72BA22-4C12-4979-BDB7-728E636D45D5}.Debug|ARM.ActiveCfg = Debug|Any CPU
		{7A72BA22-4C12-4979-BDB7-728E636D45D5}.Debug|ARM.Build.0 = Debug|Any CPU
		{7A72BA22-4C12-4979-BDB7-728E636D45D5}.Debug|x64.ActiveCfg = Debug|Any CPU
		{7A72BA22-4C12-4979-BDB7-728E636D45D5}.Debug|x64.Build.0 = Debug|Any CPU
		{7A72BA22-4C12-4979-BDB7-728E636D45D5}.Debug|x86.ActiveCfg = Debug|Any CPU
		{7A72BA22-4C12-4979-BDB7-728E636D45D5}.Debug|x86.Build.0 = Debug|Any CPU
		{7A72BA22-4C12-4979-BDB7-728E636D45D5}.Release|Any CPU.ActiveCfg = Release|Any CPU
		{7A72BA22-4C12-4979-BDB7-728E636D45D5}.Release|Any CPU.Build.0 = Release|Any CPU
		{7A72BA22-4C12-4979-BDB7-728E636D45D5}.Release|ARM.ActiveCfg = Release|Any CPU
		{7A72BA22-4C12-4979-BDB7-728E636D45D5}.Release|ARM.Build.0 = Release|Any CPU
		{7A72BA22-4C12-4979-BDB7-728E636D45D5}.Release|x64.ActiveCfg = Release|Any CPU
		{7A72BA22-4C12-4979-BDB7-728E636D45D5}.Release|x64.Build.0 = Release|Any CPU
		{7A72BA22-4C12-4979-BDB7-728E636D45D5}.Release|x86.ActiveCfg = Release|Any CPU
		{7A72BA22-4C12-4979-BDB7-728E636D45D5}.Release|x86.Build.0 = Release|Any CPU
		{49C07B5C-A484-4617-A1F2-92B14EEF0603}.Debug|Any CPU.ActiveCfg = Debug|Any CPU
		{49C07B5C-A484-4617-A1F2-92B14EEF0603}.Debug|Any CPU.Build.0 = Debug|Any CPU
		{49C07B5C-A484-4617-A1F2-92B14EEF0603}.Debug|ARM.ActiveCfg = Debug|Any CPU
		{49C07B5C-A484-4617-A1F2-92B14EEF0603}.Debug|ARM.Build.0 = Debug|Any CPU
		{49C07B5C-A484-4617-A1F2-92B14EEF0603}.Debug|x64.ActiveCfg = Debug|Any CPU
		{49C07B5C-A484-4617-A1F2-92B14EEF0603}.Debug|x64.Build.0 = Debug|Any CPU
		{49C07B5C-A484-4617-A1F2-92B14EEF0603}.Debug|x86.ActiveCfg = Debug|Any CPU
		{49C07B5C-A484-4617-A1F2-92B14EEF0603}.Debug|x86.Build.0 = Debug|Any CPU
		{49C07B5C-A484-4617-A1F2-92B14EEF0603}.Release|Any CPU.ActiveCfg = Release|Any CPU
		{49C07B5C-A484-4617-A1F2-92B14EEF0603}.Release|Any CPU.Build.0 = Release|Any CPU
		{49C07B5C-A484-4617-A1F2-92B14EEF0603}.Release|ARM.ActiveCfg = Release|Any CPU
		{49C07B5C-A484-4617-A1F2-92B14EEF0603}.Release|ARM.Build.0 = Release|Any CPU
		{49C07B5C-A484-4617-A1F2-92B14EEF0603}.Release|x64.ActiveCfg = Release|Any CPU
		{49C07B5C-A484-4617-A1F2-92B14EEF0603}.Release|x64.Build.0 = Release|Any CPU
		{49C07B5C-A484-4617-A1F2-92B14EEF0603}.Release|x86.ActiveCfg = Release|Any CPU
		{49C07B5C-A484-4617-A1F2-92B14EEF0603}.Release|x86.Build.0 = Release|Any CPU
		{3B871164-D0EB-4E31-9A04-BCB9E372DC50}.Debug|Any CPU.ActiveCfg = Debug|Any CPU
		{3B871164-D0EB-4E31-9A04-BCB9E372DC50}.Debug|Any CPU.Build.0 = Debug|Any CPU
		{3B871164-D0EB-4E31-9A04-BCB9E372DC50}.Debug|ARM.ActiveCfg = Debug|Any CPU
		{3B871164-D0EB-4E31-9A04-BCB9E372DC50}.Debug|ARM.Build.0 = Debug|Any CPU
		{3B871164-D0EB-4E31-9A04-BCB9E372DC50}.Debug|x64.ActiveCfg = Debug|Any CPU
		{3B871164-D0EB-4E31-9A04-BCB9E372DC50}.Debug|x64.Build.0 = Debug|Any CPU
		{3B871164-D0EB-4E31-9A04-BCB9E372DC50}.Debug|x86.ActiveCfg = Debug|Any CPU
		{3B871164-D0EB-4E31-9A04-BCB9E372DC50}.Debug|x86.Build.0 = Debug|Any CPU
		{3B871164-D0EB-4E31-9A04-BCB9E372DC50}.Release|Any CPU.ActiveCfg = Release|Any CPU
		{3B871164-D0EB-4E31-9A04-BCB9E372DC50}.Release|Any CPU.Build.0 = Release|Any CPU
		{3B871164-D0EB-4E31-9A04-BCB9E372DC50}.Release|ARM.ActiveCfg = Release|Any CPU
		{3B871164-D0EB-4E31-9A04-BCB9E372DC50}.Release|ARM.Build.0 = Release|Any CPU
		{3B871164-D0EB-4E31-9A04-BCB9E372DC50}.Release|x64.ActiveCfg = Release|Any CPU
		{3B871164-D0EB-4E31-9A04-BCB9E372DC50}.Release|x64.Build.0 = Release|Any CPU
		{3B871164-D0EB-4E31-9A04-BCB9E372DC50}.Release|x86.ActiveCfg = Release|Any CPU
		{3B871164-D0EB-4E31-9A04-BCB9E372DC50}.Release|x86.Build.0 = Release|Any CPU
		{7ED4B3A4-B17B-4AE1-9B88-AE808343FC37}.Debug|Any CPU.ActiveCfg = Debug|Any CPU
		{7ED4B3A4-B17B-4AE1-9B88-AE808343FC37}.Debug|Any CPU.Build.0 = Debug|Any CPU
		{7ED4B3A4-B17B-4AE1-9B88-AE808343FC37}.Debug|ARM.ActiveCfg = Debug|Any CPU
		{7ED4B3A4-B17B-4AE1-9B88-AE808343FC37}.Debug|ARM.Build.0 = Debug|Any CPU
		{7ED4B3A4-B17B-4AE1-9B88-AE808343FC37}.Debug|x64.ActiveCfg = Debug|Any CPU
		{7ED4B3A4-B17B-4AE1-9B88-AE808343FC37}.Debug|x64.Build.0 = Debug|Any CPU
		{7ED4B3A4-B17B-4AE1-9B88-AE808343FC37}.Debug|x86.ActiveCfg = Debug|Any CPU
		{7ED4B3A4-B17B-4AE1-9B88-AE808343FC37}.Debug|x86.Build.0 = Debug|Any CPU
		{7ED4B3A4-B17B-4AE1-9B88-AE808343FC37}.Release|Any CPU.ActiveCfg = Release|Any CPU
		{7ED4B3A4-B17B-4AE1-9B88-AE808343FC37}.Release|Any CPU.Build.0 = Release|Any CPU
		{7ED4B3A4-B17B-4AE1-9B88-AE808343FC37}.Release|ARM.ActiveCfg = Release|Any CPU
		{7ED4B3A4-B17B-4AE1-9B88-AE808343FC37}.Release|ARM.Build.0 = Release|Any CPU
		{7ED4B3A4-B17B-4AE1-9B88-AE808343FC37}.Release|x64.ActiveCfg = Release|Any CPU
		{7ED4B3A4-B17B-4AE1-9B88-AE808343FC37}.Release|x64.Build.0 = Release|Any CPU
		{7ED4B3A4-B17B-4AE1-9B88-AE808343FC37}.Release|x86.ActiveCfg = Release|Any CPU
		{7ED4B3A4-B17B-4AE1-9B88-AE808343FC37}.Release|x86.Build.0 = Release|Any CPU
		{7241FBCF-2387-485F-B4B2-8541DE3A48BD}.Debug|Any CPU.ActiveCfg = Debug|Any CPU
		{7241FBCF-2387-485F-B4B2-8541DE3A48BD}.Debug|Any CPU.Build.0 = Debug|Any CPU
		{7241FBCF-2387-485F-B4B2-8541DE3A48BD}.Debug|ARM.ActiveCfg = Debug|Any CPU
		{7241FBCF-2387-485F-B4B2-8541DE3A48BD}.Debug|ARM.Build.0 = Debug|Any CPU
		{7241FBCF-2387-485F-B4B2-8541DE3A48BD}.Debug|x64.ActiveCfg = Debug|Any CPU
		{7241FBCF-2387-485F-B4B2-8541DE3A48BD}.Debug|x64.Build.0 = Debug|Any CPU
		{7241FBCF-2387-485F-B4B2-8541DE3A48BD}.Debug|x86.ActiveCfg = Debug|Any CPU
		{7241FBCF-2387-485F-B4B2-8541DE3A48BD}.Debug|x86.Build.0 = Debug|Any CPU
		{7241FBCF-2387-485F-B4B2-8541DE3A48BD}.Release|Any CPU.ActiveCfg = Release|Any CPU
		{7241FBCF-2387-485F-B4B2-8541DE3A48BD}.Release|Any CPU.Build.0 = Release|Any CPU
		{7241FBCF-2387-485F-B4B2-8541DE3A48BD}.Release|ARM.ActiveCfg = Release|Any CPU
		{7241FBCF-2387-485F-B4B2-8541DE3A48BD}.Release|ARM.Build.0 = Release|Any CPU
		{7241FBCF-2387-485F-B4B2-8541DE3A48BD}.Release|x64.ActiveCfg = Release|Any CPU
		{7241FBCF-2387-485F-B4B2-8541DE3A48BD}.Release|x64.Build.0 = Release|Any CPU
		{7241FBCF-2387-485F-B4B2-8541DE3A48BD}.Release|x86.ActiveCfg = Release|Any CPU
		{7241FBCF-2387-485F-B4B2-8541DE3A48BD}.Release|x86.Build.0 = Release|Any CPU
		{7EFA5797-224B-4A1A-B7B4-5297B1071AC1}.Debug|Any CPU.ActiveCfg = Debug|Any CPU
		{7EFA5797-224B-4A1A-B7B4-5297B1071AC1}.Debug|Any CPU.Build.0 = Debug|Any CPU
		{7EFA5797-224B-4A1A-B7B4-5297B1071AC1}.Debug|ARM.ActiveCfg = Debug|Any CPU
		{7EFA5797-224B-4A1A-B7B4-5297B1071AC1}.Debug|ARM.Build.0 = Debug|Any CPU
		{7EFA5797-224B-4A1A-B7B4-5297B1071AC1}.Debug|x64.ActiveCfg = Debug|Any CPU
		{7EFA5797-224B-4A1A-B7B4-5297B1071AC1}.Debug|x64.Build.0 = Debug|Any CPU
		{7EFA5797-224B-4A1A-B7B4-5297B1071AC1}.Debug|x86.ActiveCfg = Debug|Any CPU
		{7EFA5797-224B-4A1A-B7B4-5297B1071AC1}.Debug|x86.Build.0 = Debug|Any CPU
		{7EFA5797-224B-4A1A-B7B4-5297B1071AC1}.Release|Any CPU.ActiveCfg = Release|Any CPU
		{7EFA5797-224B-4A1A-B7B4-5297B1071AC1}.Release|Any CPU.Build.0 = Release|Any CPU
		{7EFA5797-224B-4A1A-B7B4-5297B1071AC1}.Release|ARM.ActiveCfg = Release|Any CPU
		{7EFA5797-224B-4A1A-B7B4-5297B1071AC1}.Release|ARM.Build.0 = Release|Any CPU
		{7EFA5797-224B-4A1A-B7B4-5297B1071AC1}.Release|x64.ActiveCfg = Release|Any CPU
		{7EFA5797-224B-4A1A-B7B4-5297B1071AC1}.Release|x64.Build.0 = Release|Any CPU
		{7EFA5797-224B-4A1A-B7B4-5297B1071AC1}.Release|x86.ActiveCfg = Release|Any CPU
		{7EFA5797-224B-4A1A-B7B4-5297B1071AC1}.Release|x86.Build.0 = Release|Any CPU
		{467E611E-9A27-40ED-96EE-499C0FDC347F}.Debug|Any CPU.ActiveCfg = Debug|Any CPU
		{467E611E-9A27-40ED-96EE-499C0FDC347F}.Debug|Any CPU.Build.0 = Debug|Any CPU
		{467E611E-9A27-40ED-96EE-499C0FDC347F}.Debug|ARM.ActiveCfg = Debug|Any CPU
		{467E611E-9A27-40ED-96EE-499C0FDC347F}.Debug|ARM.Build.0 = Debug|Any CPU
		{467E611E-9A27-40ED-96EE-499C0FDC347F}.Debug|x64.ActiveCfg = Debug|Any CPU
		{467E611E-9A27-40ED-96EE-499C0FDC347F}.Debug|x64.Build.0 = Debug|Any CPU
		{467E611E-9A27-40ED-96EE-499C0FDC347F}.Debug|x86.ActiveCfg = Debug|Any CPU
		{467E611E-9A27-40ED-96EE-499C0FDC347F}.Debug|x86.Build.0 = Debug|Any CPU
		{467E611E-9A27-40ED-96EE-499C0FDC347F}.Release|Any CPU.ActiveCfg = Release|Any CPU
		{467E611E-9A27-40ED-96EE-499C0FDC347F}.Release|Any CPU.Build.0 = Release|Any CPU
		{467E611E-9A27-40ED-96EE-499C0FDC347F}.Release|ARM.ActiveCfg = Release|Any CPU
		{467E611E-9A27-40ED-96EE-499C0FDC347F}.Release|ARM.Build.0 = Release|Any CPU
		{467E611E-9A27-40ED-96EE-499C0FDC347F}.Release|x64.ActiveCfg = Release|Any CPU
		{467E611E-9A27-40ED-96EE-499C0FDC347F}.Release|x64.Build.0 = Release|Any CPU
		{467E611E-9A27-40ED-96EE-499C0FDC347F}.Release|x86.ActiveCfg = Release|Any CPU
		{467E611E-9A27-40ED-96EE-499C0FDC347F}.Release|x86.Build.0 = Release|Any CPU
		{EFA48AE3-CD34-4D34-A128-1FA62D78756B}.Debug|Any CPU.ActiveCfg = Debug|Any CPU
		{EFA48AE3-CD34-4D34-A128-1FA62D78756B}.Debug|Any CPU.Build.0 = Debug|Any CPU
		{EFA48AE3-CD34-4D34-A128-1FA62D78756B}.Debug|ARM.ActiveCfg = Debug|Any CPU
		{EFA48AE3-CD34-4D34-A128-1FA62D78756B}.Debug|ARM.Build.0 = Debug|Any CPU
		{EFA48AE3-CD34-4D34-A128-1FA62D78756B}.Debug|x64.ActiveCfg = Debug|Any CPU
		{EFA48AE3-CD34-4D34-A128-1FA62D78756B}.Debug|x64.Build.0 = Debug|Any CPU
		{EFA48AE3-CD34-4D34-A128-1FA62D78756B}.Debug|x86.ActiveCfg = Debug|Any CPU
		{EFA48AE3-CD34-4D34-A128-1FA62D78756B}.Debug|x86.Build.0 = Debug|Any CPU
		{EFA48AE3-CD34-4D34-A128-1FA62D78756B}.Release|Any CPU.ActiveCfg = Release|Any CPU
		{EFA48AE3-CD34-4D34-A128-1FA62D78756B}.Release|Any CPU.Build.0 = Release|Any CPU
		{EFA48AE3-CD34-4D34-A128-1FA62D78756B}.Release|ARM.ActiveCfg = Release|Any CPU
		{EFA48AE3-CD34-4D34-A128-1FA62D78756B}.Release|ARM.Build.0 = Release|Any CPU
		{EFA48AE3-CD34-4D34-A128-1FA62D78756B}.Release|x64.ActiveCfg = Release|Any CPU
		{EFA48AE3-CD34-4D34-A128-1FA62D78756B}.Release|x64.Build.0 = Release|Any CPU
		{EFA48AE3-CD34-4D34-A128-1FA62D78756B}.Release|x86.ActiveCfg = Release|Any CPU
		{EFA48AE3-CD34-4D34-A128-1FA62D78756B}.Release|x86.Build.0 = Release|Any CPU
		{0CCF4541-2838-4277-8850-989E5E269CCD}.Debug|Any CPU.ActiveCfg = Debug|Any CPU
		{0CCF4541-2838-4277-8850-989E5E269CCD}.Debug|Any CPU.Build.0 = Debug|Any CPU
		{0CCF4541-2838-4277-8850-989E5E269CCD}.Debug|ARM.ActiveCfg = Debug|Any CPU
		{0CCF4541-2838-4277-8850-989E5E269CCD}.Debug|ARM.Build.0 = Debug|Any CPU
		{0CCF4541-2838-4277-8850-989E5E269CCD}.Debug|x64.ActiveCfg = Debug|Any CPU
		{0CCF4541-2838-4277-8850-989E5E269CCD}.Debug|x64.Build.0 = Debug|Any CPU
		{0CCF4541-2838-4277-8850-989E5E269CCD}.Debug|x86.ActiveCfg = Debug|Any CPU
		{0CCF4541-2838-4277-8850-989E5E269CCD}.Debug|x86.Build.0 = Debug|Any CPU
		{0CCF4541-2838-4277-8850-989E5E269CCD}.Release|Any CPU.ActiveCfg = Release|Any CPU
		{0CCF4541-2838-4277-8850-989E5E269CCD}.Release|Any CPU.Build.0 = Release|Any CPU
		{0CCF4541-2838-4277-8850-989E5E269CCD}.Release|ARM.ActiveCfg = Release|Any CPU
		{0CCF4541-2838-4277-8850-989E5E269CCD}.Release|ARM.Build.0 = Release|Any CPU
		{0CCF4541-2838-4277-8850-989E5E269CCD}.Release|x64.ActiveCfg = Release|Any CPU
		{0CCF4541-2838-4277-8850-989E5E269CCD}.Release|x64.Build.0 = Release|Any CPU
		{0CCF4541-2838-4277-8850-989E5E269CCD}.Release|x86.ActiveCfg = Release|Any CPU
		{0CCF4541-2838-4277-8850-989E5E269CCD}.Release|x86.Build.0 = Release|Any CPU
		{A22E3F81-A7BC-4365-8F4E-2C18673D62AE}.Debug|Any CPU.ActiveCfg = Debug|Any CPU
		{A22E3F81-A7BC-4365-8F4E-2C18673D62AE}.Debug|Any CPU.Build.0 = Debug|Any CPU
		{A22E3F81-A7BC-4365-8F4E-2C18673D62AE}.Debug|ARM.ActiveCfg = Debug|Any CPU
		{A22E3F81-A7BC-4365-8F4E-2C18673D62AE}.Debug|ARM.Build.0 = Debug|Any CPU
		{A22E3F81-A7BC-4365-8F4E-2C18673D62AE}.Debug|x64.ActiveCfg = Debug|Any CPU
		{A22E3F81-A7BC-4365-8F4E-2C18673D62AE}.Debug|x64.Build.0 = Debug|Any CPU
		{A22E3F81-A7BC-4365-8F4E-2C18673D62AE}.Debug|x86.ActiveCfg = Debug|Any CPU
		{A22E3F81-A7BC-4365-8F4E-2C18673D62AE}.Debug|x86.Build.0 = Debug|Any CPU
		{A22E3F81-A7BC-4365-8F4E-2C18673D62AE}.Release|Any CPU.ActiveCfg = Release|Any CPU
		{A22E3F81-A7BC-4365-8F4E-2C18673D62AE}.Release|Any CPU.Build.0 = Release|Any CPU
		{A22E3F81-A7BC-4365-8F4E-2C18673D62AE}.Release|ARM.ActiveCfg = Release|Any CPU
		{A22E3F81-A7BC-4365-8F4E-2C18673D62AE}.Release|ARM.Build.0 = Release|Any CPU
		{A22E3F81-A7BC-4365-8F4E-2C18673D62AE}.Release|x64.ActiveCfg = Release|Any CPU
		{A22E3F81-A7BC-4365-8F4E-2C18673D62AE}.Release|x64.Build.0 = Release|Any CPU
		{A22E3F81-A7BC-4365-8F4E-2C18673D62AE}.Release|x86.ActiveCfg = Release|Any CPU
		{A22E3F81-A7BC-4365-8F4E-2C18673D62AE}.Release|x86.Build.0 = Release|Any CPU
		{D7AB6D44-41F1-41ED-8DC8-610CDC3FDAE0}.Debug|Any CPU.ActiveCfg = Debug|Any CPU
		{D7AB6D44-41F1-41ED-8DC8-610CDC3FDAE0}.Debug|Any CPU.Build.0 = Debug|Any CPU
		{D7AB6D44-41F1-41ED-8DC8-610CDC3FDAE0}.Debug|ARM.ActiveCfg = Debug|Any CPU
		{D7AB6D44-41F1-41ED-8DC8-610CDC3FDAE0}.Debug|ARM.Build.0 = Debug|Any CPU
		{D7AB6D44-41F1-41ED-8DC8-610CDC3FDAE0}.Debug|x64.ActiveCfg = Debug|Any CPU
		{D7AB6D44-41F1-41ED-8DC8-610CDC3FDAE0}.Debug|x64.Build.0 = Debug|Any CPU
		{D7AB6D44-41F1-41ED-8DC8-610CDC3FDAE0}.Debug|x86.ActiveCfg = Debug|Any CPU
		{D7AB6D44-41F1-41ED-8DC8-610CDC3FDAE0}.Debug|x86.Build.0 = Debug|Any CPU
		{D7AB6D44-41F1-41ED-8DC8-610CDC3FDAE0}.Release|Any CPU.ActiveCfg = Release|Any CPU
		{D7AB6D44-41F1-41ED-8DC8-610CDC3FDAE0}.Release|Any CPU.Build.0 = Release|Any CPU
		{D7AB6D44-41F1-41ED-8DC8-610CDC3FDAE0}.Release|ARM.ActiveCfg = Release|Any CPU
		{D7AB6D44-41F1-41ED-8DC8-610CDC3FDAE0}.Release|ARM.Build.0 = Release|Any CPU
		{D7AB6D44-41F1-41ED-8DC8-610CDC3FDAE0}.Release|x64.ActiveCfg = Release|Any CPU
		{D7AB6D44-41F1-41ED-8DC8-610CDC3FDAE0}.Release|x64.Build.0 = Release|Any CPU
		{D7AB6D44-41F1-41ED-8DC8-610CDC3FDAE0}.Release|x86.ActiveCfg = Release|Any CPU
		{D7AB6D44-41F1-41ED-8DC8-610CDC3FDAE0}.Release|x86.Build.0 = Release|Any CPU
		{B9B283C6-AC5D-41B3-8B2F-93343604023B}.Debug|Any CPU.ActiveCfg = Debug|Any CPU
		{B9B283C6-AC5D-41B3-8B2F-93343604023B}.Debug|Any CPU.Build.0 = Debug|Any CPU
		{B9B283C6-AC5D-41B3-8B2F-93343604023B}.Debug|ARM.ActiveCfg = Debug|Any CPU
		{B9B283C6-AC5D-41B3-8B2F-93343604023B}.Debug|ARM.Build.0 = Debug|Any CPU
		{B9B283C6-AC5D-41B3-8B2F-93343604023B}.Debug|x64.ActiveCfg = Debug|Any CPU
		{B9B283C6-AC5D-41B3-8B2F-93343604023B}.Debug|x64.Build.0 = Debug|Any CPU
		{B9B283C6-AC5D-41B3-8B2F-93343604023B}.Debug|x86.ActiveCfg = Debug|Any CPU
		{B9B283C6-AC5D-41B3-8B2F-93343604023B}.Debug|x86.Build.0 = Debug|Any CPU
		{B9B283C6-AC5D-41B3-8B2F-93343604023B}.Release|Any CPU.ActiveCfg = Release|Any CPU
		{B9B283C6-AC5D-41B3-8B2F-93343604023B}.Release|Any CPU.Build.0 = Release|Any CPU
		{B9B283C6-AC5D-41B3-8B2F-93343604023B}.Release|ARM.ActiveCfg = Release|Any CPU
		{B9B283C6-AC5D-41B3-8B2F-93343604023B}.Release|ARM.Build.0 = Release|Any CPU
		{B9B283C6-AC5D-41B3-8B2F-93343604023B}.Release|x64.ActiveCfg = Release|Any CPU
		{B9B283C6-AC5D-41B3-8B2F-93343604023B}.Release|x64.Build.0 = Release|Any CPU
		{B9B283C6-AC5D-41B3-8B2F-93343604023B}.Release|x86.ActiveCfg = Release|Any CPU
		{B9B283C6-AC5D-41B3-8B2F-93343604023B}.Release|x86.Build.0 = Release|Any CPU
		{1D312CE6-F948-4CD1-9748-1F3413D90374}.Debug|Any CPU.ActiveCfg = Debug|Any CPU
		{1D312CE6-F948-4CD1-9748-1F3413D90374}.Debug|Any CPU.Build.0 = Debug|Any CPU
		{1D312CE6-F948-4CD1-9748-1F3413D90374}.Debug|ARM.ActiveCfg = Debug|Any CPU
		{1D312CE6-F948-4CD1-9748-1F3413D90374}.Debug|ARM.Build.0 = Debug|Any CPU
		{1D312CE6-F948-4CD1-9748-1F3413D90374}.Debug|x64.ActiveCfg = Debug|Any CPU
		{1D312CE6-F948-4CD1-9748-1F3413D90374}.Debug|x64.Build.0 = Debug|Any CPU
		{1D312CE6-F948-4CD1-9748-1F3413D90374}.Debug|x86.ActiveCfg = Debug|Any CPU
		{1D312CE6-F948-4CD1-9748-1F3413D90374}.Debug|x86.Build.0 = Debug|Any CPU
		{1D312CE6-F948-4CD1-9748-1F3413D90374}.Release|Any CPU.ActiveCfg = Release|Any CPU
		{1D312CE6-F948-4CD1-9748-1F3413D90374}.Release|Any CPU.Build.0 = Release|Any CPU
		{1D312CE6-F948-4CD1-9748-1F3413D90374}.Release|ARM.ActiveCfg = Release|Any CPU
		{1D312CE6-F948-4CD1-9748-1F3413D90374}.Release|ARM.Build.0 = Release|Any CPU
		{1D312CE6-F948-4CD1-9748-1F3413D90374}.Release|x64.ActiveCfg = Release|Any CPU
		{1D312CE6-F948-4CD1-9748-1F3413D90374}.Release|x64.Build.0 = Release|Any CPU
		{1D312CE6-F948-4CD1-9748-1F3413D90374}.Release|x86.ActiveCfg = Release|Any CPU
		{1D312CE6-F948-4CD1-9748-1F3413D90374}.Release|x86.Build.0 = Release|Any CPU
		{77CC5ADC-118D-46BE-9751-6AA1302A6E4D}.Debug|Any CPU.ActiveCfg = Debug|Any CPU
		{77CC5ADC-118D-46BE-9751-6AA1302A6E4D}.Debug|Any CPU.Build.0 = Debug|Any CPU
		{77CC5ADC-118D-46BE-9751-6AA1302A6E4D}.Debug|ARM.ActiveCfg = Debug|Any CPU
		{77CC5ADC-118D-46BE-9751-6AA1302A6E4D}.Debug|ARM.Build.0 = Debug|Any CPU
		{77CC5ADC-118D-46BE-9751-6AA1302A6E4D}.Debug|x64.ActiveCfg = Debug|Any CPU
		{77CC5ADC-118D-46BE-9751-6AA1302A6E4D}.Debug|x64.Build.0 = Debug|Any CPU
		{77CC5ADC-118D-46BE-9751-6AA1302A6E4D}.Debug|x86.ActiveCfg = Debug|Any CPU
		{77CC5ADC-118D-46BE-9751-6AA1302A6E4D}.Debug|x86.Build.0 = Debug|Any CPU
		{77CC5ADC-118D-46BE-9751-6AA1302A6E4D}.Release|Any CPU.ActiveCfg = Release|Any CPU
		{77CC5ADC-118D-46BE-9751-6AA1302A6E4D}.Release|Any CPU.Build.0 = Release|Any CPU
		{77CC5ADC-118D-46BE-9751-6AA1302A6E4D}.Release|ARM.ActiveCfg = Release|Any CPU
		{77CC5ADC-118D-46BE-9751-6AA1302A6E4D}.Release|ARM.Build.0 = Release|Any CPU
		{77CC5ADC-118D-46BE-9751-6AA1302A6E4D}.Release|x64.ActiveCfg = Release|Any CPU
		{77CC5ADC-118D-46BE-9751-6AA1302A6E4D}.Release|x64.Build.0 = Release|Any CPU
		{77CC5ADC-118D-46BE-9751-6AA1302A6E4D}.Release|x86.ActiveCfg = Release|Any CPU
		{77CC5ADC-118D-46BE-9751-6AA1302A6E4D}.Release|x86.Build.0 = Release|Any CPU
		{A6A8855B-1787-438D-BA48-7FCA74B02092}.Debug|Any CPU.ActiveCfg = Debug|Any CPU
		{A6A8855B-1787-438D-BA48-7FCA74B02092}.Debug|Any CPU.Build.0 = Debug|Any CPU
		{A6A8855B-1787-438D-BA48-7FCA74B02092}.Debug|ARM.ActiveCfg = Debug|Any CPU
		{A6A8855B-1787-438D-BA48-7FCA74B02092}.Debug|ARM.Build.0 = Debug|Any CPU
		{A6A8855B-1787-438D-BA48-7FCA74B02092}.Debug|x64.ActiveCfg = Debug|Any CPU
		{A6A8855B-1787-438D-BA48-7FCA74B02092}.Debug|x64.Build.0 = Debug|Any CPU
		{A6A8855B-1787-438D-BA48-7FCA74B02092}.Debug|x86.ActiveCfg = Debug|Any CPU
		{A6A8855B-1787-438D-BA48-7FCA74B02092}.Debug|x86.Build.0 = Debug|Any CPU
		{A6A8855B-1787-438D-BA48-7FCA74B02092}.Release|Any CPU.ActiveCfg = Release|Any CPU
		{A6A8855B-1787-438D-BA48-7FCA74B02092}.Release|Any CPU.Build.0 = Release|Any CPU
		{A6A8855B-1787-438D-BA48-7FCA74B02092}.Release|ARM.ActiveCfg = Release|Any CPU
		{A6A8855B-1787-438D-BA48-7FCA74B02092}.Release|ARM.Build.0 = Release|Any CPU
		{A6A8855B-1787-438D-BA48-7FCA74B02092}.Release|x64.ActiveCfg = Release|Any CPU
		{A6A8855B-1787-438D-BA48-7FCA74B02092}.Release|x64.Build.0 = Release|Any CPU
		{A6A8855B-1787-438D-BA48-7FCA74B02092}.Release|x86.ActiveCfg = Release|Any CPU
		{A6A8855B-1787-438D-BA48-7FCA74B02092}.Release|x86.Build.0 = Release|Any CPU
		{F07E0128-B778-4D37-82EB-5D018CCAC090}.Debug|Any CPU.ActiveCfg = Debug|Any CPU
		{F07E0128-B778-4D37-82EB-5D018CCAC090}.Debug|Any CPU.Build.0 = Debug|Any CPU
		{F07E0128-B778-4D37-82EB-5D018CCAC090}.Debug|ARM.ActiveCfg = Debug|Any CPU
		{F07E0128-B778-4D37-82EB-5D018CCAC090}.Debug|ARM.Build.0 = Debug|Any CPU
		{F07E0128-B778-4D37-82EB-5D018CCAC090}.Debug|x64.ActiveCfg = Debug|Any CPU
		{F07E0128-B778-4D37-82EB-5D018CCAC090}.Debug|x64.Build.0 = Debug|Any CPU
		{F07E0128-B778-4D37-82EB-5D018CCAC090}.Debug|x86.ActiveCfg = Debug|Any CPU
		{F07E0128-B778-4D37-82EB-5D018CCAC090}.Debug|x86.Build.0 = Debug|Any CPU
		{F07E0128-B778-4D37-82EB-5D018CCAC090}.Release|Any CPU.ActiveCfg = Release|Any CPU
		{F07E0128-B778-4D37-82EB-5D018CCAC090}.Release|Any CPU.Build.0 = Release|Any CPU
		{F07E0128-B778-4D37-82EB-5D018CCAC090}.Release|ARM.ActiveCfg = Release|Any CPU
		{F07E0128-B778-4D37-82EB-5D018CCAC090}.Release|ARM.Build.0 = Release|Any CPU
		{F07E0128-B778-4D37-82EB-5D018CCAC090}.Release|x64.ActiveCfg = Release|Any CPU
		{F07E0128-B778-4D37-82EB-5D018CCAC090}.Release|x64.Build.0 = Release|Any CPU
		{F07E0128-B778-4D37-82EB-5D018CCAC090}.Release|x86.ActiveCfg = Release|Any CPU
		{F07E0128-B778-4D37-82EB-5D018CCAC090}.Release|x86.Build.0 = Release|Any CPU
		{51922595-C603-4CA9-AB98-35D17AE0214E}.Debug|Any CPU.ActiveCfg = Debug|Any CPU
		{51922595-C603-4CA9-AB98-35D17AE0214E}.Debug|Any CPU.Build.0 = Debug|Any CPU
		{51922595-C603-4CA9-AB98-35D17AE0214E}.Debug|ARM.ActiveCfg = Debug|Any CPU
		{51922595-C603-4CA9-AB98-35D17AE0214E}.Debug|ARM.Build.0 = Debug|Any CPU
		{51922595-C603-4CA9-AB98-35D17AE0214E}.Debug|x64.ActiveCfg = Debug|Any CPU
		{51922595-C603-4CA9-AB98-35D17AE0214E}.Debug|x64.Build.0 = Debug|Any CPU
		{51922595-C603-4CA9-AB98-35D17AE0214E}.Debug|x86.ActiveCfg = Debug|Any CPU
		{51922595-C603-4CA9-AB98-35D17AE0214E}.Debug|x86.Build.0 = Debug|Any CPU
		{51922595-C603-4CA9-AB98-35D17AE0214E}.Release|Any CPU.ActiveCfg = Release|Any CPU
		{51922595-C603-4CA9-AB98-35D17AE0214E}.Release|Any CPU.Build.0 = Release|Any CPU
		{51922595-C603-4CA9-AB98-35D17AE0214E}.Release|ARM.ActiveCfg = Release|Any CPU
		{51922595-C603-4CA9-AB98-35D17AE0214E}.Release|ARM.Build.0 = Release|Any CPU
		{51922595-C603-4CA9-AB98-35D17AE0214E}.Release|x64.ActiveCfg = Release|Any CPU
		{51922595-C603-4CA9-AB98-35D17AE0214E}.Release|x64.Build.0 = Release|Any CPU
		{51922595-C603-4CA9-AB98-35D17AE0214E}.Release|x86.ActiveCfg = Release|Any CPU
		{51922595-C603-4CA9-AB98-35D17AE0214E}.Release|x86.Build.0 = Release|Any CPU
		{7119FA20-308E-4630-8437-245999AB1BAB}.Debug|Any CPU.ActiveCfg = Debug|Any CPU
		{7119FA20-308E-4630-8437-245999AB1BAB}.Debug|Any CPU.Build.0 = Debug|Any CPU
		{7119FA20-308E-4630-8437-245999AB1BAB}.Debug|ARM.ActiveCfg = Debug|Any CPU
		{7119FA20-308E-4630-8437-245999AB1BAB}.Debug|ARM.Build.0 = Debug|Any CPU
		{7119FA20-308E-4630-8437-245999AB1BAB}.Debug|x64.ActiveCfg = Debug|Any CPU
		{7119FA20-308E-4630-8437-245999AB1BAB}.Debug|x64.Build.0 = Debug|Any CPU
		{7119FA20-308E-4630-8437-245999AB1BAB}.Debug|x86.ActiveCfg = Debug|Any CPU
		{7119FA20-308E-4630-8437-245999AB1BAB}.Debug|x86.Build.0 = Debug|Any CPU
		{7119FA20-308E-4630-8437-245999AB1BAB}.Release|Any CPU.ActiveCfg = Release|Any CPU
		{7119FA20-308E-4630-8437-245999AB1BAB}.Release|Any CPU.Build.0 = Release|Any CPU
		{7119FA20-308E-4630-8437-245999AB1BAB}.Release|ARM.ActiveCfg = Release|Any CPU
		{7119FA20-308E-4630-8437-245999AB1BAB}.Release|ARM.Build.0 = Release|Any CPU
		{7119FA20-308E-4630-8437-245999AB1BAB}.Release|x64.ActiveCfg = Release|Any CPU
		{7119FA20-308E-4630-8437-245999AB1BAB}.Release|x64.Build.0 = Release|Any CPU
		{7119FA20-308E-4630-8437-245999AB1BAB}.Release|x86.ActiveCfg = Release|Any CPU
		{7119FA20-308E-4630-8437-245999AB1BAB}.Release|x86.Build.0 = Release|Any CPU
	EndGlobalSection
	GlobalSection(SolutionProperties) = preSolution
		HideSolutionNode = FALSE
	EndGlobalSection
	GlobalSection(NestedProjects) = preSolution
		{0CCF4541-2838-4277-8850-989E5E269CCD} = {381F40F7-FB0F-4D09-A646-36522B04B073}
		{A22E3F81-A7BC-4365-8F4E-2C18673D62AE} = {381F40F7-FB0F-4D09-A646-36522B04B073}
		{77CC5ADC-118D-46BE-9751-6AA1302A6E4D} = {381F40F7-FB0F-4D09-A646-36522B04B073}
		{A6A8855B-1787-438D-BA48-7FCA74B02092} = {381F40F7-FB0F-4D09-A646-36522B04B073}
		{F07E0128-B778-4D37-82EB-5D018CCAC090} = {381F40F7-FB0F-4D09-A646-36522B04B073}
		{51922595-C603-4CA9-AB98-35D17AE0214E} = {381F40F7-FB0F-4D09-A646-36522B04B073}
	EndGlobalSection
EndGlobal
