
Microsoft Visual Studio Solution File, Format Version 12.00
# Visual Studio 14
VisualStudioVersion = 14.0.23107.0
MinimumVisualStudioVersion = 10.0.40219.1
Project("{FAE04EC0-301F-11D3-BF4B-00C04F79EFBC}") = "Exhys.MiniChecker", "Exhys.MiniChecker\Exhys.MiniChecker.csproj", "{561B4D59-F5C2-4AFC-96B7-39C2CF06FD0B}"
EndProject
Project("{FAE04EC0-301F-11D3-BF4B-00C04F79EFBC}") = "Exhys.CheckerCore", "Exhys.CheckerCore\Exhys.CheckerCore.csproj", "{21D8D3E0-5042-4DF6-BA91-0C4A2BBFD781}"
EndProject
Project("{FAE04EC0-301F-11D3-BF4B-00C04F79EFBC}") = "Exhys.CheckerCore.Tests", "Exhys.CheckerCore.Tests\Exhys.CheckerCore.Tests.csproj", "{2A56EC16-AC05-4267-9956-1C2F7E821D10}"
EndProject
Project("{FAE04EC0-301F-11D3-BF4B-00C04F79EFBC}") = "AAA_Exhys.WebContestHost", "Exhys.WebContestHost\AAA_Exhys.WebContestHost.csproj", "{789FCFAE-F59B-4171-85A6-35628C887B26}"
EndProject
Project("{FAE04EC0-301F-11D3-BF4B-00C04F79EFBC}") = "Exhys.WebContestHost.DataModels", "Exhys.WebContestHost.DataModels\Exhys.WebContestHost.DataModels.csproj", "{6F2BA6D2-C380-4097-8E4F-562FA64F284B}"
EndProject
Project("{FAE04EC0-301F-11D3-BF4B-00C04F79EFBC}") = "CodeBits", "CodeBits\CodeBits.csproj", "{A8B8CCED-9569-4329-8BC6-E46F69364331}"
EndProject
Global
	GlobalSection(SolutionConfigurationPlatforms) = preSolution
		Debug|Any CPU = Debug|Any CPU
		Release|Any CPU = Release|Any CPU
	EndGlobalSection
	GlobalSection(ProjectConfigurationPlatforms) = postSolution
		{561B4D59-F5C2-4AFC-96B7-39C2CF06FD0B}.Debug|Any CPU.ActiveCfg = Debug|Any CPU
		{561B4D59-F5C2-4AFC-96B7-39C2CF06FD0B}.Debug|Any CPU.Build.0 = Debug|Any CPU
		{561B4D59-F5C2-4AFC-96B7-39C2CF06FD0B}.Release|Any CPU.ActiveCfg = Release|Any CPU
		{561B4D59-F5C2-4AFC-96B7-39C2CF06FD0B}.Release|Any CPU.Build.0 = Release|Any CPU
		{21D8D3E0-5042-4DF6-BA91-0C4A2BBFD781}.Debug|Any CPU.ActiveCfg = Debug|Any CPU
		{21D8D3E0-5042-4DF6-BA91-0C4A2BBFD781}.Debug|Any CPU.Build.0 = Debug|Any CPU
		{21D8D3E0-5042-4DF6-BA91-0C4A2BBFD781}.Release|Any CPU.ActiveCfg = Release|Any CPU
		{21D8D3E0-5042-4DF6-BA91-0C4A2BBFD781}.Release|Any CPU.Build.0 = Release|Any CPU
		{2A56EC16-AC05-4267-9956-1C2F7E821D10}.Debug|Any CPU.ActiveCfg = Debug|Any CPU
		{2A56EC16-AC05-4267-9956-1C2F7E821D10}.Debug|Any CPU.Build.0 = Debug|Any CPU
		{2A56EC16-AC05-4267-9956-1C2F7E821D10}.Release|Any CPU.ActiveCfg = Release|Any CPU
		{2A56EC16-AC05-4267-9956-1C2F7E821D10}.Release|Any CPU.Build.0 = Release|Any CPU
		{789FCFAE-F59B-4171-85A6-35628C887B26}.Debug|Any CPU.ActiveCfg = Debug|Any CPU
		{789FCFAE-F59B-4171-85A6-35628C887B26}.Debug|Any CPU.Build.0 = Debug|Any CPU
		{789FCFAE-F59B-4171-85A6-35628C887B26}.Release|Any CPU.ActiveCfg = Release|Any CPU
		{789FCFAE-F59B-4171-85A6-35628C887B26}.Release|Any CPU.Build.0 = Release|Any CPU
		{6F2BA6D2-C380-4097-8E4F-562FA64F284B}.Debug|Any CPU.ActiveCfg = Debug|Any CPU
		{6F2BA6D2-C380-4097-8E4F-562FA64F284B}.Debug|Any CPU.Build.0 = Debug|Any CPU
		{6F2BA6D2-C380-4097-8E4F-562FA64F284B}.Release|Any CPU.ActiveCfg = Release|Any CPU
		{6F2BA6D2-C380-4097-8E4F-562FA64F284B}.Release|Any CPU.Build.0 = Release|Any CPU
		{A8B8CCED-9569-4329-8BC6-E46F69364331}.Debug|Any CPU.ActiveCfg = Debug|Any CPU
		{A8B8CCED-9569-4329-8BC6-E46F69364331}.Debug|Any CPU.Build.0 = Debug|Any CPU
		{A8B8CCED-9569-4329-8BC6-E46F69364331}.Release|Any CPU.ActiveCfg = Release|Any CPU
		{A8B8CCED-9569-4329-8BC6-E46F69364331}.Release|Any CPU.Build.0 = Release|Any CPU
	EndGlobalSection
	GlobalSection(SolutionProperties) = preSolution
		HideSolutionNode = FALSE
	EndGlobalSection
EndGlobal
